// !$*UTF8*$!
{
	archiveVersion = 1;
	classes = {
	};
	objectVersion = 50;
	objects = {

/* Begin PBXBuildFile section */
		FB4D6F1420FA948A000F953A /* AppDelegate.swift in Sources */ = {isa = PBXBuildFile; fileRef = FB4D6F1320FA948A000F953A /* AppDelegate.swift */; };
		FB4D6F1620FA948A000F953A /* ViewController.swift in Sources */ = {isa = PBXBuildFile; fileRef = FB4D6F1520FA948A000F953A /* ViewController.swift */; };
		FB4D6F1920FA948A000F953A /* Main.storyboard in Resources */ = {isa = PBXBuildFile; fileRef = FB4D6F1720FA948A000F953A /* Main.storyboard */; };
		FB4D6F1B20FA948B000F953A /* Assets.xcassets in Resources */ = {isa = PBXBuildFile; fileRef = FB4D6F1A20FA948B000F953A /* Assets.xcassets */; };
		FB4D6F1E20FA948B000F953A /* LaunchScreen.storyboard in Resources */ = {isa = PBXBuildFile; fileRef = FB4D6F1C20FA948B000F953A /* LaunchScreen.storyboard */; };
		FB4D6F2920FA948C000F953A /* AppStoreSearchTests.swift in Sources */ = {isa = PBXBuildFile; fileRef = FB4D6F2820FA948C000F953A /* AppStoreSearchTests.swift */; };
		FB4D6F3420FA948C000F953A /* AppStoreSearchUITests.swift in Sources */ = {isa = PBXBuildFile; fileRef = FB4D6F3320FA948C000F953A /* AppStoreSearchUITests.swift */; };
/* End PBXBuildFile section */

/* Begin PBXContainerItemProxy section */
		FB4D6F2520FA948C000F953A /* PBXContainerItemProxy */ = {
			isa = PBXContainerItemProxy;
			containerPortal = FB4D6F0820FA948A000F953A /* Project object */;
			proxyType = 1;
			remoteGlobalIDString = FB4D6F0F20FA948A000F953A;
			remoteInfo = AppStoreSearch;
		};
		FB4D6F3020FA948C000F953A /* PBXContainerItemProxy */ = {
			isa = PBXContainerItemProxy;
			containerPortal = FB4D6F0820FA948A000F953A /* Project object */;
			proxyType = 1;
			remoteGlobalIDString = FB4D6F0F20FA948A000F953A;
			remoteInfo = AppStoreSearch;
		};
/* End PBXContainerItemProxy section */

/* Begin PBXFileReference section */
		FB4D6F1020FA948A000F953A /* AppStoreSearch.app */ = {isa = PBXFileReference; explicitFileType = wrapper.application; includeInIndex = 0; path = AppStoreSearch.app; sourceTree = BUILT_PRODUCTS_DIR; };
		FB4D6F1320FA948A000F953A /* AppDelegate.swift */ = {isa = PBXFileReference; lastKnownFileType = sourcecode.swift; path = AppDelegate.swift; sourceTree = "<group>"; };
		FB4D6F1520FA948A000F953A /* ViewController.swift */ = {isa = PBXFileReference; lastKnownFileType = sourcecode.swift; path = ViewController.swift; sourceTree = "<group>"; };
		FB4D6F1820FA948A000F953A /* Base */ = {isa = PBXFileReference; lastKnownFileType = file.storyboard; name = Base; path = Base.lproj/Main.storyboard; sourceTree = "<group>"; };
		FB4D6F1A20FA948B000F953A /* Assets.xcassets */ = {isa = PBXFileReference; lastKnownFileType = folder.assetcatalog; path = Assets.xcassets; sourceTree = "<group>"; };
		FB4D6F1D20FA948B000F953A /* Base */ = {isa = PBXFileReference; lastKnownFileType = file.storyboard; name = Base; path = Base.lproj/LaunchScreen.storyboard; sourceTree = "<group>"; };
		FB4D6F1F20FA948C000F953A /* Info.plist */ = {isa = PBXFileReference; lastKnownFileType = text.plist.xml; path = Info.plist; sourceTree = "<group>"; };
		FB4D6F2420FA948C000F953A /* AppStoreSearchTests.xctest */ = {isa = PBXFileReference; explicitFileType = wrapper.cfbundle; includeInIndex = 0; path = AppStoreSearchTests.xctest; sourceTree = BUILT_PRODUCTS_DIR; };
		FB4D6F2820FA948C000F953A /* AppStoreSearchTests.swift */ = {isa = PBXFileReference; lastKnownFileType = sourcecode.swift; path = AppStoreSearchTests.swift; sourceTree = "<group>"; };
		FB4D6F2A20FA948C000F953A /* Info.plist */ = {isa = PBXFileReference; lastKnownFileType = text.plist.xml; path = Info.plist; sourceTree = "<group>"; };
		FB4D6F2F20FA948C000F953A /* AppStoreSearchUITests.xctest */ = {isa = PBXFileReference; explicitFileType = wrapper.cfbundle; includeInIndex = 0; path = AppStoreSearchUITests.xctest; sourceTree = BUILT_PRODUCTS_DIR; };
		FB4D6F3320FA948C000F953A /* AppStoreSearchUITests.swift */ = {isa = PBXFileReference; lastKnownFileType = sourcecode.swift; path = AppStoreSearchUITests.swift; sourceTree = "<group>"; };
		FB4D6F3520FA948C000F953A /* Info.plist */ = {isa = PBXFileReference; lastKnownFileType = text.plist.xml; path = Info.plist; sourceTree = "<group>"; };
/* End PBXFileReference section */

/* Begin PBXFrameworksBuildPhase section */
		FB4D6F0D20FA948A000F953A /* Frameworks */ = {
			isa = PBXFrameworksBuildPhase;
			buildActionMask = 2147483647;
			files = (
			);
			runOnlyForDeploymentPostprocessing = 0;
		};
		FB4D6F2120FA948C000F953A /* Frameworks */ = {
			isa = PBXFrameworksBuildPhase;
			buildActionMask = 2147483647;
			files = (
			);
			runOnlyForDeploymentPostprocessing = 0;
		};
		FB4D6F2C20FA948C000F953A /* Frameworks */ = {
			isa = PBXFrameworksBuildPhase;
			buildActionMask = 2147483647;
			files = (
			);
			runOnlyForDeploymentPostprocessing = 0;
		};
/* End PBXFrameworksBuildPhase section */

/* Begin PBXGroup section */
		FB4D6F0720FA948A000F953A = {
			isa = PBXGroup;
			children = (
				FB4D6F1220FA948A000F953A /* AppStoreSearch */,
				FB4D6F2720FA948C000F953A /* AppStoreSearchTests */,
				FB4D6F3220FA948C000F953A /* AppStoreSearchUITests */,
				FB4D6F1120FA948A000F953A /* Products */,
			);
			sourceTree = "<group>";
		};
		FB4D6F1120FA948A000F953A /* Products */ = {
			isa = PBXGroup;
			children = (
				FB4D6F1020FA948A000F953A /* AppStoreSearch.app */,
				FB4D6F2420FA948C000F953A /* AppStoreSearchTests.xctest */,
				FB4D6F2F20FA948C000F953A /* AppStoreSearchUITests.xctest */,
			);
			name = Products;
			sourceTree = "<group>";
		};
		FB4D6F1220FA948A000F953A /* AppStoreSearch */ = {
			isa = PBXGroup;
			children = (
				FB4D6F1320FA948A000F953A /* AppDelegate.swift */,
				FB4D6F1520FA948A000F953A /* ViewController.swift */,
				FB4D6F1720FA948A000F953A /* Main.storyboard */,
				FB4D6F1A20FA948B000F953A /* Assets.xcassets */,
				FB4D6F1C20FA948B000F953A /* LaunchScreen.storyboard */,
				FB4D6F1F20FA948C000F953A /* Info.plist */,
			);
			path = AppStoreSearch;
			sourceTree = "<group>";
		};
		FB4D6F2720FA948C000F953A /* AppStoreSearchTests */ = {
			isa = PBXGroup;
			children = (
				FB4D6F2820FA948C000F953A /* AppStoreSearchTests.swift */,
				FB4D6F2A20FA948C000F953A /* Info.plist */,
			);
			path = AppStoreSearchTests;
			sourceTree = "<group>";
		};
		FB4D6F3220FA948C000F953A /* AppStoreSearchUITests */ = {
			isa = PBXGroup;
			children = (
				FB4D6F3320FA948C000F953A /* AppStoreSearchUITests.swift */,
				FB4D6F3520FA948C000F953A /* Info.plist */,
			);
			path = AppStoreSearchUITests;
			sourceTree = "<group>";
		};
/* End PBXGroup section */

/* Begin PBXNativeTarget section */
		FB4D6F0F20FA948A000F953A /* AppStoreSearch */ = {
			isa = PBXNativeTarget;
			buildConfigurationList = FB4D6F3820FA948C000F953A /* Build configuration list for PBXNativeTarget "AppStoreSearch" */;
			buildPhases = (
				FB4D6F0C20FA948A000F953A /* Sources */,
				FB4D6F0D20FA948A000F953A /* Frameworks */,
				FB4D6F0E20FA948A000F953A /* Resources */,
			);
			buildRules = (
			);
			dependencies = (
			);
			name = AppStoreSearch;
			productName = AppStoreSearch;
			productReference = FB4D6F1020FA948A000F953A /* AppStoreSearch.app */;
			productType = "com.apple.product-type.application";
		};
		FB4D6F2320FA948C000F953A /* AppStoreSearchTests */ = {
			isa = PBXNativeTarget;
			buildConfigurationList = FB4D6F3B20FA948C000F953A /* Build configuration list for PBXNativeTarget "AppStoreSearchTests" */;
			buildPhases = (
				FB4D6F2020FA948C000F953A /* Sources */,
				FB4D6F2120FA948C000F953A /* Frameworks */,
				FB4D6F2220FA948C000F953A /* Resources */,
			);
			buildRules = (
			);
			dependencies = (
				FB4D6F2620FA948C000F953A /* PBXTargetDependency */,
			);
			name = AppStoreSearchTests;
			productName = AppStoreSearchTests;
			productReference = FB4D6F2420FA948C000F953A /* AppStoreSearchTests.xctest */;
			productType = "com.apple.product-type.bundle.unit-test";
		};
		FB4D6F2E20FA948C000F953A /* AppStoreSearchUITests */ = {
			isa = PBXNativeTarget;
			buildConfigurationList = FB4D6F3E20FA948C000F953A /* Build configuration list for PBXNativeTarget "AppStoreSearchUITests" */;
			buildPhases = (
				FB4D6F2B20FA948C000F953A /* Sources */,
				FB4D6F2C20FA948C000F953A /* Frameworks */,
				FB4D6F2D20FA948C000F953A /* Resources */,
			);
			buildRules = (
			);
			dependencies = (
				FB4D6F3120FA948C000F953A /* PBXTargetDependency */,
			);
			name = AppStoreSearchUITests;
			productName = AppStoreSearchUITests;
			productReference = FB4D6F2F20FA948C000F953A /* AppStoreSearchUITests.xctest */;
			productType = "com.apple.product-type.bundle.ui-testing";
		};
/* End PBXNativeTarget section */

/* Begin PBXProject section */
		FB4D6F0820FA948A000F953A /* Project object */ = {
			isa = PBXProject;
			attributes = {
				LastSwiftUpdateCheck = 0940;
				LastUpgradeCheck = 0940;
				ORGANIZATIONNAME = "Marcos Griselli";
				TargetAttributes = {
					FB4D6F0F20FA948A000F953A = {
						CreatedOnToolsVersion = 9.4.1;
					};
					FB4D6F2320FA948C000F953A = {
						CreatedOnToolsVersion = 9.4.1;
						TestTargetID = FB4D6F0F20FA948A000F953A;
					};
					FB4D6F2E20FA948C000F953A = {
						CreatedOnToolsVersion = 9.4.1;
						TestTargetID = FB4D6F0F20FA948A000F953A;
					};
				};
			};
			buildConfigurationList = FB4D6F0B20FA948A000F953A /* Build configuration list for PBXProject "AppStoreSearch" */;
			compatibilityVersion = "Xcode 9.3";
			developmentRegion = en;
			hasScannedForEncodings = 0;
			knownRegions = (
				en,
				Base,
			);
			mainGroup = FB4D6F0720FA948A000F953A;
			productRefGroup = FB4D6F1120FA948A000F953A /* Products */;
			projectDirPath = "";
			projectRoot = "";
			targets = (
				FB4D6F0F20FA948A000F953A /* AppStoreSearch */,
				FB4D6F2320FA948C000F953A /* AppStoreSearchTests */,
				FB4D6F2E20FA948C000F953A /* AppStoreSearchUITests */,
			);
		};
/* End PBXProject section */

/* Begin PBXResourcesBuildPhase section */
		FB4D6F0E20FA948A000F953A /* Resources */ = {
			isa = PBXResourcesBuildPhase;
			buildActionMask = 2147483647;
			files = (
				FB4D6F1E20FA948B000F953A /* LaunchScreen.storyboard in Resources */,
				FB4D6F1B20FA948B000F953A /* Assets.xcassets in Resources */,
				FB4D6F1920FA948A000F953A /* Main.storyboard in Resources */,
			);
			runOnlyForDeploymentPostprocessing = 0;
		};
		FB4D6F2220FA948C000F953A /* Resources */ = {
			isa = PBXResourcesBuildPhase;
			buildActionMask = 2147483647;
			files = (
			);
			runOnlyForDeploymentPostprocessing = 0;
		};
		FB4D6F2D20FA948C000F953A /* Resources */ = {
			isa = PBXResourcesBuildPhase;
			buildActionMask = 2147483647;
			files = (
			);
			runOnlyForDeploymentPostprocessing = 0;
		};
/* End PBXResourcesBuildPhase section */

/* Begin PBXSourcesBuildPhase section */
		FB4D6F0C20FA948A000F953A /* Sources */ = {
			isa = PBXSourcesBuildPhase;
			buildActionMask = 2147483647;
			files = (
				FB4D6F1620FA948A000F953A /* ViewController.swift in Sources */,
				FB4D6F1420FA948A000F953A /* AppDelegate.swift in Sources */,
			);
			runOnlyForDeploymentPostprocessing = 0;
		};
		FB4D6F2020FA948C000F953A /* Sources */ = {
			isa = PBXSourcesBuildPhase;
			buildActionMask = 2147483647;
			files = (
				FB4D6F2920FA948C000F953A /* AppStoreSearchTests.swift in Sources */,
			);
			runOnlyForDeploymentPostprocessing = 0;
		};
		FB4D6F2B20FA948C000F953A /* Sources */ = {
			isa = PBXSourcesBuildPhase;
			buildActionMask = 2147483647;
			files = (
				FB4D6F3420FA948C000F953A /* AppStoreSearchUITests.swift in Sources */,
			);
			runOnlyForDeploymentPostprocessing = 0;
		};
/* End PBXSourcesBuildPhase section */

/* Begin PBXTargetDependency section */
		FB4D6F2620FA948C000F953A /* PBXTargetDependency */ = {
			isa = PBXTargetDependency;
			target = FB4D6F0F20FA948A000F953A /* AppStoreSearch */;
			targetProxy = FB4D6F2520FA948C000F953A /* PBXContainerItemProxy */;
		};
		FB4D6F3120FA948C000F953A /* PBXTargetDependency */ = {
			isa = PBXTargetDependency;
			target = FB4D6F0F20FA948A000F953A /* AppStoreSearch */;
			targetProxy = FB4D6F3020FA948C000F953A /* PBXContainerItemProxy */;
		};
/* End PBXTargetDependency section */

/* Begin PBXVariantGroup section */
		FB4D6F1720FA948A000F953A /* Main.storyboard */ = {
			isa = PBXVariantGroup;
			children = (
				FB4D6F1820FA948A000F953A /* Base */,
			);
			name = Main.storyboard;
			sourceTree = "<group>";
		};
		FB4D6F1C20FA948B000F953A /* LaunchScreen.storyboard */ = {
			isa = PBXVariantGroup;
			children = (
				FB4D6F1D20FA948B000F953A /* Base */,
			);
			name = LaunchScreen.storyboard;
			sourceTree = "<group>";
		};
/* End PBXVariantGroup section */

/* Begin XCBuildConfiguration section */
		FB4D6F3620FA948C000F953A /* Debug */ = {
			isa = XCBuildConfiguration;
			buildSettings = {
				ALWAYS_SEARCH_USER_PATHS = NO;
				CLANG_ANALYZER_NONNULL = YES;
				CLANG_ANALYZER_NUMBER_OBJECT_CONVERSION = YES_AGGRESSIVE;
				CLANG_CXX_LANGUAGE_STANDARD = "gnu++14";
				CLANG_CXX_LIBRARY = "libc++";
				CLANG_ENABLE_MODULES = YES;
				CLANG_ENABLE_OBJC_ARC = YES;
				CLANG_ENABLE_OBJC_WEAK = YES;
				CLANG_WARN_BLOCK_CAPTURE_AUTORELEASING = YES;
				CLANG_WARN_BOOL_CONVERSION = YES;
				CLANG_WARN_COMMA = YES;
				CLANG_WARN_CONSTANT_CONVERSION = YES;
				CLANG_WARN_DEPRECATED_OBJC_IMPLEMENTATIONS = YES;
				CLANG_WARN_DIRECT_OBJC_ISA_USAGE = YES_ERROR;
				CLANG_WARN_DOCUMENTATION_COMMENTS = YES;
				CLANG_WARN_EMPTY_BODY = YES;
				CLANG_WARN_ENUM_CONVERSION = YES;
				CLANG_WARN_INFINITE_RECURSION = YES;
				CLANG_WARN_INT_CONVERSION = YES;
				CLANG_WARN_NON_LITERAL_NULL_CONVERSION = YES;
				CLANG_WARN_OBJC_IMPLICIT_RETAIN_SELF = YES;
				CLANG_WARN_OBJC_LITERAL_CONVERSION = YES;
				CLANG_WARN_OBJC_ROOT_CLASS = YES_ERROR;
				CLANG_WARN_RANGE_LOOP_ANALYSIS = YES;
				CLANG_WARN_STRICT_PROTOTYPES = YES;
				CLANG_WARN_SUSPICIOUS_MOVE = YES;
				CLANG_WARN_UNGUARDED_AVAILABILITY = YES_AGGRESSIVE;
				CLANG_WARN_UNREACHABLE_CODE = YES;
				CLANG_WARN__DUPLICATE_METHOD_MATCH = YES;
				CODE_SIGN_IDENTITY = "iPhone Developer";
				COPY_PHASE_STRIP = NO;
				DEBUG_INFORMATION_FORMAT = dwarf;
				ENABLE_STRICT_OBJC_MSGSEND = YES;
				ENABLE_TESTABILITY = YES;
				GCC_C_LANGUAGE_STANDARD = gnu11;
				GCC_DYNAMIC_NO_PIC = NO;
				GCC_NO_COMMON_BLOCKS = YES;
				GCC_OPTIMIZATION_LEVEL = 0;
				GCC_PREPROCESSOR_DEFINITIONS = (
					"DEBUG=1",
					"$(inherited)",
				);
				GCC_WARN_64_TO_32_BIT_CONVERSION = YES;
				GCC_WARN_ABOUT_RETURN_TYPE = YES_ERROR;
				GCC_WARN_UNDECLARED_SELECTOR = YES;
				GCC_WARN_UNINITIALIZED_AUTOS = YES_AGGRESSIVE;
				GCC_WARN_UNUSED_FUNCTION = YES;
				GCC_WARN_UNUSED_VARIABLE = YES;
				IPHONEOS_DEPLOYMENT_TARGET = 11.4;
				MTL_ENABLE_DEBUG_INFO = YES;
				ONLY_ACTIVE_ARCH = YES;
				SDKROOT = iphoneos;
				SWIFT_ACTIVE_COMPILATION_CONDITIONS = DEBUG;
				SWIFT_OPTIMIZATION_LEVEL = "-Onone";
			};
			name = Debug;
		};
		FB4D6F3720FA948C000F953A /* Release */ = {
			isa = XCBuildConfiguration;
			buildSettings = {
				ALWAYS_SEARCH_USER_PATHS = NO;
				CLANG_ANALYZER_NONNULL = YES;
				CLANG_ANALYZER_NUMBER_OBJECT_CONVERSION = YES_AGGRESSIVE;
				CLANG_CXX_LANGUAGE_STANDARD = "gnu++14";
				CLANG_CXX_LIBRARY = "libc++";
				CLANG_ENABLE_MODULES = YES;
				CLANG_ENABLE_OBJC_ARC = YES;
				CLANG_ENABLE_OBJC_WEAK = YES;
				CLANG_WARN_BLOCK_CAPTURE_AUTORELEASING = YES;
				CLANG_WARN_BOOL_CONVERSION = YES;
				CLANG_WARN_COMMA = YES;
				CLANG_WARN_CONSTANT_CONVERSION = YES;
				CLANG_WARN_DEPRECATED_OBJC_IMPLEMENTATIONS = YES;
				CLANG_WARN_DIRECT_OBJC_ISA_USAGE = YES_ERROR;
				CLANG_WARN_DOCUMENTATION_COMMENTS = YES;
				CLANG_WARN_EMPTY_BODY = YES;
				CLANG_WARN_ENUM_CONVERSION = YES;
				CLANG_WARN_INFINITE_RECURSION = YES;
				CLANG_WARN_INT_CONVERSION = YES;
				CLANG_WARN_NON_LITERAL_NULL_CONVERSION = YES;
				CLANG_WARN_OBJC_IMPLICIT_RETAIN_SELF = YES;
				CLANG_WARN_OBJC_LITERAL_CONVERSION = YES;
				CLANG_WARN_OBJC_ROOT_CLASS = YES_ERROR;
				CLANG_WARN_RANGE_LOOP_ANALYSIS = YES;
				CLANG_WARN_STRICT_PROTOTYPES = YES;
				CLANG_WARN_SUSPICIOUS_MOVE = YES;
				CLANG_WARN_UNGUARDED_AVAILABILITY = YES_AGGRESSIVE;
				CLANG_WARN_UNREACHABLE_CODE = YES;
				CLANG_WARN__DUPLICATE_METHOD_MATCH = YES;
				CODE_SIGN_IDENTITY = "iPhone Developer";
				COPY_PHASE_STRIP = NO;
				DEBUG_INFORMATION_FORMAT = "dwarf-with-dsym";
				ENABLE_NS_ASSERTIONS = NO;
				ENABLE_STRICT_OBJC_MSGSEND = YES;
				GCC_C_LANGUAGE_STANDARD = gnu11;
				GCC_NO_COMMON_BLOCKS = YES;
				GCC_WARN_64_TO_32_BIT_CONVERSION = YES;
				GCC_WARN_ABOUT_RETURN_TYPE = YES_ERROR;
				GCC_WARN_UNDECLARED_SELECTOR = YES;
				GCC_WARN_UNINITIALIZED_AUTOS = YES_AGGRESSIVE;
				GCC_WARN_UNUSED_FUNCTION = YES;
				GCC_WARN_UNUSED_VARIABLE = YES;
				IPHONEOS_DEPLOYMENT_TARGET = 11.4;
				MTL_ENABLE_DEBUG_INFO = NO;
				SDKROOT = iphoneos;
				SWIFT_COMPILATION_MODE = wholemodule;
				SWIFT_OPTIMIZATION_LEVEL = "-O";
				VALIDATE_PRODUCT = YES;
			};
			name = Release;
		};
		FB4D6F3920FA948C000F953A /* Debug */ = {
			isa = XCBuildConfiguration;
			buildSettings = {
				ASSETCATALOG_COMPILER_APPICON_NAME = AppIcon;
				CODE_SIGN_STYLE = Automatic;
				DEVELOPMENT_TEAM = 8PC4X7QUY9;
				INFOPLIST_FILE = AppStoreSearch/Info.plist;
				LD_RUNPATH_SEARCH_PATHS = (
					"$(inherited)",
					"@executable_path/Frameworks",
				);
				PRODUCT_BUNDLE_IDENTIFIER = com.marcosgriselli.AppStoreSearch;
				PRODUCT_NAME = "$(TARGET_NAME)";
				SWIFT_VERSION = 4.0;
				TARGETED_DEVICE_FAMILY = "1,2";
			};
			name = Debug;
		};
		FB4D6F3A20FA948C000F953A /* Release */ = {
			isa = XCBuildConfiguration;
			buildSettings = {
				ASSETCATALOG_COMPILER_APPICON_NAME = AppIcon;
				CODE_SIGN_STYLE = Automatic;
				DEVELOPMENT_TEAM = 8PC4X7QUY9;
				INFOPLIST_FILE = AppStoreSearch/Info.plist;
				LD_RUNPATH_SEARCH_PATHS = (
					"$(inherited)",
					"@executable_path/Frameworks",
				);
				PRODUCT_BUNDLE_IDENTIFIER = com.marcosgriselli.AppStoreSearch;
				PRODUCT_NAME = "$(TARGET_NAME)";
				SWIFT_VERSION = 4.0;
				TARGETED_DEVICE_FAMILY = "1,2";
			};
			name = Release;
		};
		FB4D6F3C20FA948C000F953A /* Debug */ = {
			isa = XCBuildConfiguration;
			buildSettings = {
				ALWAYS_EMBED_SWIFT_STANDARD_LIBRARIES = YES;
				BUNDLE_LOADER = "$(TEST_HOST)";
				CODE_SIGN_STYLE = Automatic;
				DEVELOPMENT_TEAM = 8PC4X7QUY9;
				INFOPLIST_FILE = AppStoreSearchTests/Info.plist;
				LD_RUNPATH_SEARCH_PATHS = (
					"$(inherited)",
					"@executable_path/Frameworks",
					"@loader_path/Frameworks",
				);
				PRODUCT_BUNDLE_IDENTIFIER = com.marcosgriselli.AppStoreSearchTests;
				PRODUCT_NAME = "$(TARGET_NAME)";
				SWIFT_VERSION = 4.0;
				TARGETED_DEVICE_FAMILY = "1,2";
				TEST_HOST = "$(BUILT_PRODUCTS_DIR)/AppStoreSearch.app/AppStoreSearch";
			};
			name = Debug;
		};
		FB4D6F3D20FA948C000F953A /* Release */ = {
			isa = XCBuildConfiguration;
			buildSettings = {
				ALWAYS_EMBED_SWIFT_STANDARD_LIBRARIES = YES;
				BUNDLE_LOADER = "$(TEST_HOST)";
				CODE_SIGN_STYLE = Automatic;
				DEVELOPMENT_TEAM = 8PC4X7QUY9;
				INFOPLIST_FILE = AppStoreSearchTests/Info.plist;
				LD_RUNPATH_SEARCH_PATHS = (
					"$(inherited)",
					"@executable_path/Frameworks",
					"@loader_path/Frameworks",
				);
				PRODUCT_BUNDLE_IDENTIFIER = com.marcosgriselli.AppStoreSearchTests;
				PRODUCT_NAME = "$(TARGET_NAME)";
				SWIFT_VERSION = 4.0;
				TARGETED_DEVICE_FAMILY = "1,2";
				TEST_HOST = "$(BUILT_PRODUCTS_DIR)/AppStoreSearch.app/AppStoreSearch";
			};
			name = Release;
		};
		FB4D6F3F20FA948C000F953A /* Debug */ = {
			isa = XCBuildConfiguration;
			buildSettings = {
				ALWAYS_EMBED_SWIFT_STANDARD_LIBRARIES = YES;
				CODE_SIGN_STYLE = Automatic;
				DEVELOPMENT_TEAM = 8PC4X7QUY9;
				INFOPLIST_FILE = AppStoreSearchUITests/Info.plist;
				LD_RUNPATH_SEARCH_PATHS = (
					"$(inherited)",
					"@executable_path/Frameworks",
					"@loader_path/Frameworks",
				);
				PRODUCT_BUNDLE_IDENTIFIER = com.marcosgriselli.AppStoreSearchUITests;
				PRODUCT_NAME = "$(TARGET_NAME)";
				SWIFT_VERSION = 4.0;
				TARGETED_DEVICE_FAMILY = "1,2";
				TEST_TARGET_NAME = AppStoreSearch;
			};
			name = Debug;
		};
		FB4D6F4020FA948C000F953A /* Release */ = {
			isa = XCBuildConfiguration;
			buildSettings = {
				ALWAYS_EMBED_SWIFT_STANDARD_LIBRARIES = YES;
				CODE_SIGN_STYLE = Automatic;
				DEVELOPMENT_TEAM = 8PC4X7QUY9;
				INFOPLIST_FILE = AppStoreSearchUITests/Info.plist;
				LD_RUNPATH_SEARCH_PATHS = (
					"$(inherited)",
					"@executable_path/Frameworks",
					"@loader_path/Frameworks",
				);
				PRODUCT_BUNDLE_IDENTIFIER = com.marcosgriselli.AppStoreSearchUITests;
				PRODUCT_NAME = "$(TARGET_NAME)";
				SWIFT_VERSION = 4.0;
				TARGETED_DEVICE_FAMILY = "1,2";
				TEST_TARGET_NAME = AppStoreSearch;
			};
			name = Release;
		};
/* End XCBuildConfiguration section */

/* Begin XCConfigurationList section */
		FB4D6F0B20FA948A000F953A /* Build configuration list for PBXProject "AppStoreSearch" */ = {
			isa = XCConfigurationList;
			buildConfigurations = (
				FB4D6F3620FA948C000F953A /* Debug */,
				FB4D6F3720FA948C000F953A /* Release */,
			);
			defaultConfigurationIsVisible = 0;
			defaultConfigurationName = Release;
		};
		FB4D6F3820FA948C000F953A /* Build configuration list for PBXNativeTarget "AppStoreSearch" */ = {
			isa = XCConfigurationList;
			buildConfigurations = (
				FB4D6F3920FA948C000F953A /* Debug */,
				FB4D6F3A20FA948C000F953A /* Release */,
			);
			defaultConfigurationIsVisible = 0;
			defaultConfigurationName = Release;
		};
		FB4D6F3B20FA948C000F953A /* Build configuration list for PBXNativeTarget "AppStoreSearchTests" */ = {
			isa = XCConfigurationList;
			buildConfigurations = (
				FB4D6F3C20FA948C000F953A /* Debug */,
				FB4D6F3D20FA948C000F953A /* Release */,
			);
			defaultConfigurationIsVisible = 0;
			defaultConfigurationName = Release;
		};
		FB4D6F3E20FA948C000F953A /* Build configuration list for PBXNativeTarget "AppStoreSearchUITests" */ = {
			isa = XCConfigurationList;
			buildConfigurations = (
				FB4D6F3F20FA948C000F953A /* Debug */,
				FB4D6F4020FA948C000F953A /* Release */,
			);
			defaultConfigurationIsVisible = 0;
			defaultConfigurationName = Release;
		};
/* End XCConfigurationList section */
	};
	rootObject = FB4D6F0820FA948A000F953A /* Project object */;
}
